
Microsoft Visual Studio Solution File, Format Version 12.00
# Visual Studio Version 17
VisualStudioVersion = 17.5.002.0
MinimumVisualStudioVersion = 10.0.40219.1
Project("{9A19103F-16F7-4668-BE54-9A1E7A4F7556}") = "MovieReservationSystem", "MovieReservationSystem.csproj", "{19825169-E118-4584-8493-67557490C0E9}"
EndProject
Global
	GlobalSection(SolutionConfigurationPlatforms) = preSolution
		Debug|Any CPU = Debug|Any CPU
		Release|Any CPU = Release|Any CPU
	EndGlobalSection
	GlobalSection(ProjectConfigurationPlatforms) = postSolution
		{19825169-E118-4584-8493-67557490C0E9}.Debug|Any CPU.ActiveCfg = Debug|Any CPU
		{19825169-E118-4584-8493-67557490C0E9}.Debug|Any CPU.Build.0 = Debug|Any CPU
		{19825169-E118-4584-8493-67557490C0E9}.Release|Any CPU.ActiveCfg = Release|Any CPU
		{19825169-E118-4584-8493-67557490C0E9}.Release|Any CPU.Build.0 = Release|Any CPU
	EndGlobalSection
	GlobalSection(SolutionProperties) = preSolution
		HideSolutionNode = FALSE
	EndGlobalSection
	GlobalSection(ExtensibilityGlobals) = postSolution
		SolutionGuid = {CDB0B467-12E6-4D7E-926D-FC3446E7E593}
	EndGlobalSection
EndGlobal
